# THIS IS AN AUTOGENERATED FILE. DO NOT EDIT THIS FILE DIRECTLY.
# yarn lockfile v1


globalyzer@^0.1.0:
  version "0.1.0"
  resolved "https://registry.yarnpkg.com/globalyzer/-/globalyzer-0.1.0.tgz#cb76da79555669a1519d5a8edf093afaa0bf1465"

globrex@^0.1.1:
  version "0.1.1"
  resolved "https://registry.yarnpkg.com/globrex/-/globrex-0.1.1.tgz#cfe565cfa910707d0ef98eb0b9d78c3c055ca2ef"

tiny-glob@^0.2.2:
  version "0.2.2"
  resolved "https://registry.yarnpkg.com/tiny-glob/-/tiny-glob-0.2.2.tgz#a4ddf2c343f85d80b4456f58ebc8b66f7553948a"
  dependencies:
    globalyzer "^0.1.0"
    globrex "^0.1.1"
